
Microsoft Visual Studio Solution File, Format Version 12.00
# Visual Studio Version 17
VisualStudioVersion = 17.11.35303.130
MinimumVisualStudioVersion = 10.0.40219.1
Project("{2150E333-8FDC-42A3-9474-1A3956D46DE8}") = "src", "src", "{FC495885-1CDC-4239-BB78-423C40C848F9}"
EndProject
Project("{2150E333-8FDC-42A3-9474-1A3956D46DE8}") = "01.Domains", "01.Domains", "{0287805C-D48D-45AF-9E46-106E8949480B}"
EndProject
Project("{2150E333-8FDC-42A3-9474-1A3956D46DE8}") = "02.Applications", "02.Applications", "{2EF9F453-59D5-4D9D-B2BB-B68F294BF1F5}"
EndProject
Project("{2150E333-8FDC-42A3-9474-1A3956D46DE8}") = "03.Infrastructures", "03.Infrastructures", "{35F42A11-F4AD-4790-84B6-FDCD6AC2E3A8}"
EndProject
Project("{2150E333-8FDC-42A3-9474-1A3956D46DE8}") = "04.Presentations", "04.Presentations", "{F12C5BB8-5584-4789-AA2E-FFCDD3307971}"
EndProject
Project("{9A19103F-16F7-4668-BE54-9A1E7A4F7556}") = "Domain", "src\01.Domains\Domain\Domain.csproj", "{9C9EAAA1-4144-4D05-A5D4-3DA1CD69B165}"
EndProject
Project("{9A19103F-16F7-4668-BE54-9A1E7A4F7556}") = "Application", "src\02.Applications\Application\Application.csproj", "{78334C71-C3DE-4C30-820B-19C0BB750D50}"
EndProject
Project("{9A19103F-16F7-4668-BE54-9A1E7A4F7556}") = "Infrastructure", "src\infrastructures\Infrastructure\Infrastructure.csproj", "{BAB7BD72-6083-40A3-A65D-5C16F8CEE66C}"
EndProject
Project("{9A19103F-16F7-4668-BE54-9A1E7A4F7556}") = "Presentation", "src\04.Presentations\Presentation\Presentation.csproj", "{D807A8A4-A71A-42AE-99A1-FE89F9D5CF17}"
EndProject
Project("{2150E333-8FDC-42A3-9474-1A3956D46DE8}") = "00.Commons", "00.Commons", "{21659A1A-A54F-459E-B1CB-9F61993F67A4}"
EndProject
Project("{9A19103F-16F7-4668-BE54-9A1E7A4F7556}") = "Common", "src\00.Commons\Common\Common.csproj", "{33887399-6D20-41B5-BEEC-64416FC73929}"
EndProject
Project("{FAE04EC0-301F-11D3-BF4B-00C04F79EFBC}") = "PresentaionRazor", "src\04.Presentation\PresentaionRazor\PresentaionRazor.csproj", "{3EFCF15A-208D-495C-9A6B-E5F265366C74}"
EndProject
Global
	GlobalSection(SolutionConfigurationPlatforms) = preSolution
		Debug|Any CPU = Debug|Any CPU
		Release|Any CPU = Release|Any CPU
	EndGlobalSection
	GlobalSection(ProjectConfigurationPlatforms) = postSolution
		{9C9EAAA1-4144-4D05-A5D4-3DA1CD69B165}.Debug|Any CPU.ActiveCfg = Debug|Any CPU
		{9C9EAAA1-4144-4D05-A5D4-3DA1CD69B165}.Debug|Any CPU.Build.0 = Debug|Any CPU
		{9C9EAAA1-4144-4D05-A5D4-3DA1CD69B165}.Release|Any CPU.ActiveCfg = Release|Any CPU
		{9C9EAAA1-4144-4D05-A5D4-3DA1CD69B165}.Release|Any CPU.Build.0 = Release|Any CPU
		{78334C71-C3DE-4C30-820B-19C0BB750D50}.Debug|Any CPU.ActiveCfg = Debug|Any CPU
		{78334C71-C3DE-4C30-820B-19C0BB750D50}.Debug|Any CPU.Build.0 = Debug|Any CPU
		{78334C71-C3DE-4C30-820B-19C0BB750D50}.Release|Any CPU.ActiveCfg = Release|Any CPU
		{78334C71-C3DE-4C30-820B-19C0BB750D50}.Release|Any CPU.Build.0 = Release|Any CPU
		{BAB7BD72-6083-40A3-A65D-5C16F8CEE66C}.Debug|Any CPU.ActiveCfg = Debug|Any CPU
		{BAB7BD72-6083-40A3-A65D-5C16F8CEE66C}.Debug|Any CPU.Build.0 = Debug|Any CPU
		{BAB7BD72-6083-40A3-A65D-5C16F8CEE66C}.Release|Any CPU.ActiveCfg = Release|Any CPU
		{BAB7BD72-6083-40A3-A65D-5C16F8CEE66C}.Release|Any CPU.Build.0 = Release|Any CPU
		{D807A8A4-A71A-42AE-99A1-FE89F9D5CF17}.Debug|Any CPU.ActiveCfg = Debug|Any CPU
		{D807A8A4-A71A-42AE-99A1-FE89F9D5CF17}.Debug|Any CPU.Build.0 = Debug|Any CPU
		{D807A8A4-A71A-42AE-99A1-FE89F9D5CF17}.Release|Any CPU.ActiveCfg = Release|Any CPU
		{D807A8A4-A71A-42AE-99A1-FE89F9D5CF17}.Release|Any CPU.Build.0 = Release|Any CPU
		{33887399-6D20-41B5-BEEC-64416FC73929}.Debug|Any CPU.ActiveCfg = Debug|Any CPU
		{33887399-6D20-41B5-BEEC-64416FC73929}.Debug|Any CPU.Build.0 = Debug|Any CPU
		{33887399-6D20-41B5-BEEC-64416FC73929}.Release|Any CPU.ActiveCfg = Release|Any CPU
		{33887399-6D20-41B5-BEEC-64416FC73929}.Release|Any CPU.Build.0 = Release|Any CPU
		{3EFCF15A-208D-495C-9A6B-E5F265366C74}.Debug|Any CPU.ActiveCfg = Debug|Any CPU
		{3EFCF15A-208D-495C-9A6B-E5F265366C74}.Debug|Any CPU.Build.0 = Debug|Any CPU
		{3EFCF15A-208D-495C-9A6B-E5F265366C74}.Release|Any CPU.ActiveCfg = Release|Any CPU
		{3EFCF15A-208D-495C-9A6B-E5F265366C74}.Release|Any CPU.Build.0 = Release|Any CPU
	EndGlobalSection
	GlobalSection(SolutionProperties) = preSolution
		HideSolutionNode = FALSE
	EndGlobalSection
	GlobalSection(NestedProjects) = preSolution
		{0287805C-D48D-45AF-9E46-106E8949480B} = {FC495885-1CDC-4239-BB78-423C40C848F9}
		{2EF9F453-59D5-4D9D-B2BB-B68F294BF1F5} = {FC495885-1CDC-4239-BB78-423C40C848F9}
		{35F42A11-F4AD-4790-84B6-FDCD6AC2E3A8} = {FC495885-1CDC-4239-BB78-423C40C848F9}
		{F12C5BB8-5584-4789-AA2E-FFCDD3307971} = {FC495885-1CDC-4239-BB78-423C40C848F9}
		{9C9EAAA1-4144-4D05-A5D4-3DA1CD69B165} = {0287805C-D48D-45AF-9E46-106E8949480B}
		{78334C71-C3DE-4C30-820B-19C0BB750D50} = {2EF9F453-59D5-4D9D-B2BB-B68F294BF1F5}
		{BAB7BD72-6083-40A3-A65D-5C16F8CEE66C} = {35F42A11-F4AD-4790-84B6-FDCD6AC2E3A8}
		{D807A8A4-A71A-42AE-99A1-FE89F9D5CF17} = {F12C5BB8-5584-4789-AA2E-FFCDD3307971}
		{21659A1A-A54F-459E-B1CB-9F61993F67A4} = {FC495885-1CDC-4239-BB78-423C40C848F9}
		{33887399-6D20-41B5-BEEC-64416FC73929} = {21659A1A-A54F-459E-B1CB-9F61993F67A4}
		{3EFCF15A-208D-495C-9A6B-E5F265366C74} = {F12C5BB8-5584-4789-AA2E-FFCDD3307971}
	EndGlobalSection
	GlobalSection(ExtensibilityGlobals) = postSolution
		SolutionGuid = {1B65E2BD-4D23-4151-B0A8-19722CD101D5}
	EndGlobalSection
EndGlobal
